
Microsoft Visual Studio Solution File, Format Version 12.00
# Visual Studio Version 17
VisualStudioVersion = 17.1.32328.378
MinimumVisualStudioVersion = 10.0.40219.1
Project("{FAE04EC0-301F-11D3-BF4B-00C04F79EFBC}") = "DemoMVC", "DemoMVC\DemoMVC.csproj", "{F9428940-136D-411F-90FC-AB41224BB8C9}"
EndProject
Global
	GlobalSection(SolutionConfigurationPlatforms) = preSolution
		Debug|Any CPU = Debug|Any CPU
		Release|Any CPU = Release|Any CPU
	EndGlobalSection
	GlobalSection(ProjectConfigurationPlatforms) = postSolution
		{F9428940-136D-411F-90FC-AB41224BB8C9}.Debug|Any CPU.ActiveCfg = Debug|Any CPU
		{F9428940-136D-411F-90FC-AB41224BB8C9}.Debug|Any CPU.Build.0 = Debug|Any CPU
		{F9428940-136D-411F-90FC-AB41224BB8C9}.Release|Any CPU.ActiveCfg = Release|Any CPU
		{F9428940-136D-411F-90FC-AB41224BB8C9}.Release|Any CPU.Build.0 = Release|Any CPU
	EndGlobalSection
	GlobalSection(SolutionProperties) = preSolution
		HideSolutionNode = FALSE
	EndGlobalSection
	GlobalSection(ExtensibilityGlobals) = postSolution
		SolutionGuid = {3DA575B8-D817-4F97-89FB-0D783595C8E9}
	EndGlobalSection
EndGlobal
